
Microsoft Visual Studio Solution File, Format Version 12.00
# Visual Studio Version 17
VisualStudioVersion = 17.0.31903.59
MinimumVisualStudioVersion = 10.0.40219.1
Project("{2150E333-8FDC-42A3-9474-1A3956D46DE8}") = "src", "src", "{827E0CD3-B72D-47B6-A68D-7590B98EB39B}"
EndProject
Project("{FAE04EC0-301F-11D3-BF4B-00C04F79EFBC}") = "PulseQueue.Api", "src\PulseQueue.Api\PulseQueue.Api.csproj", "{25296770-035D-4B58-905D-AB6B9DA11E25}"
EndProject
Project("{FAE04EC0-301F-11D3-BF4B-00C04F79EFBC}") = "PulseQueue.Worker", "src\PulseQueue.Worker\PulseQueue.Worker.csproj", "{E3A0C736-24C7-4B87-AD23-9240F8A9F989}"
EndProject
Project("{FAE04EC0-301F-11D3-BF4B-00C04F79EFBC}") = "PulseQueue.Domain", "src\PulseQueue.Domain\PulseQueue.Domain.csproj", "{301787AB-2D80-4DFC-9B82-03FC7951C965}"
EndProject
Project("{FAE04EC0-301F-11D3-BF4B-00C04F79EFBC}") = "PulseQueue.Infrastructure", "src\PulseQueue.Infrastructure\PulseQueue.Infrastructure.csproj", "{EB50AD9E-6683-4F8B-B354-9EAFCDFC6770}"
EndProject
Global
	GlobalSection(SolutionConfigurationPlatforms) = preSolution
		Debug|Any CPU = Debug|Any CPU
		Debug|x64 = Debug|x64
		Debug|x86 = Debug|x86
		Release|Any CPU = Release|Any CPU
		Release|x64 = Release|x64
		Release|x86 = Release|x86
	EndGlobalSection
	GlobalSection(ProjectConfigurationPlatforms) = postSolution
		{25296770-035D-4B58-905D-AB6B9DA11E25}.Debug|Any CPU.ActiveCfg = Debug|Any CPU
		{25296770-035D-4B58-905D-AB6B9DA11E25}.Debug|Any CPU.Build.0 = Debug|Any CPU
		{25296770-035D-4B58-905D-AB6B9DA11E25}.Debug|x64.ActiveCfg = Debug|Any CPU
		{25296770-035D-4B58-905D-AB6B9DA11E25}.Debug|x64.Build.0 = Debug|Any CPU
		{25296770-035D-4B58-905D-AB6B9DA11E25}.Debug|x86.ActiveCfg = Debug|Any CPU
		{25296770-035D-4B58-905D-AB6B9DA11E25}.Debug|x86.Build.0 = Debug|Any CPU
		{25296770-035D-4B58-905D-AB6B9DA11E25}.Release|Any CPU.ActiveCfg = Release|Any CPU
		{25296770-035D-4B58-905D-AB6B9DA11E25}.Release|Any CPU.Build.0 = Release|Any CPU
		{25296770-035D-4B58-905D-AB6B9DA11E25}.Release|x64.ActiveCfg = Release|Any CPU
		{25296770-035D-4B58-905D-AB6B9DA11E25}.Release|x64.Build.0 = Release|Any CPU
		{25296770-035D-4B58-905D-AB6B9DA11E25}.Release|x86.ActiveCfg = Release|Any CPU
		{25296770-035D-4B58-905D-AB6B9DA11E25}.Release|x86.Build.0 = Release|Any CPU
		{E3A0C736-24C7-4B87-AD23-9240F8A9F989}.Debug|Any CPU.ActiveCfg = Debug|Any CPU
		{E3A0C736-24C7-4B87-AD23-9240F8A9F989}.Debug|Any CPU.Build.0 = Debug|Any CPU
		{E3A0C736-24C7-4B87-AD23-9240F8A9F989}.Debug|x64.ActiveCfg = Debug|Any CPU
		{E3A0C736-24C7-4B87-AD23-9240F8A9F989}.Debug|x64.Build.0 = Debug|Any CPU
		{E3A0C736-24C7-4B87-AD23-9240F8A9F989}.Debug|x86.ActiveCfg = Debug|Any CPU
		{E3A0C736-24C7-4B87-AD23-9240F8A9F989}.Debug|x86.Build.0 = Debug|Any CPU
		{E3A0C736-24C7-4B87-AD23-9240F8A9F989}.Release|Any CPU.ActiveCfg = Release|Any CPU
		{E3A0C736-24C7-4B87-AD23-9240F8A9F989}.Release|Any CPU.Build.0 = Release|Any CPU
		{E3A0C736-24C7-4B87-AD23-9240F8A9F989}.Release|x64.ActiveCfg = Release|Any CPU
		{E3A0C736-24C7-4B87-AD23-9240F8A9F989}.Release|x64.Build.0 = Release|Any CPU
		{E3A0C736-24C7-4B87-AD23-9240F8A9F989}.Release|x86.ActiveCfg = Release|Any CPU
		{E3A0C736-24C7-4B87-AD23-9240F8A9F989}.Release|x86.Build.0 = Release|Any CPU
		{301787AB-2D80-4DFC-9B82-03FC7951C965}.Debug|Any CPU.ActiveCfg = Debug|Any CPU
		{301787AB-2D80-4DFC-9B82-03FC7951C965}.Debug|Any CPU.Build.0 = Debug|Any CPU
		{301787AB-2D80-4DFC-9B82-03FC7951C965}.Debug|x64.ActiveCfg = Debug|Any CPU
		{301787AB-2D80-4DFC-9B82-03FC7951C965}.Debug|x64.Build.0 = Debug|Any CPU
		{301787AB-2D80-4DFC-9B82-03FC7951C965}.Debug|x86.ActiveCfg = Debug|Any CPU
		{301787AB-2D80-4DFC-9B82-03FC7951C965}.Debug|x86.Build.0 = Debug|Any CPU
		{301787AB-2D80-4DFC-9B82-03FC7951C965}.Release|Any CPU.ActiveCfg = Release|Any CPU
		{301787AB-2D80-4DFC-9B82-03FC7951C965}.Release|Any CPU.Build.0 = Release|Any CPU
		{301787AB-2D80-4DFC-9B82-03FC7951C965}.Release|x64.ActiveCfg = Release|Any CPU
		{301787AB-2D80-4DFC-9B82-03FC7951C965}.Release|x64.Build.0 = Release|Any CPU
		{301787AB-2D80-4DFC-9B82-03FC7951C965}.Release|x86.ActiveCfg = Release|Any CPU
		{301787AB-2D80-4DFC-9B82-03FC7951C965}.Release|x86.Build.0 = Release|Any CPU
		{EB50AD9E-6683-4F8B-B354-9EAFCDFC6770}.Debug|Any CPU.ActiveCfg = Debug|Any CPU
		{EB50AD9E-6683-4F8B-B354-9EAFCDFC6770}.Debug|Any CPU.Build.0 = Debug|Any CPU
		{EB50AD9E-6683-4F8B-B354-9EAFCDFC6770}.Debug|x64.ActiveCfg = Debug|Any CPU
		{EB50AD9E-6683-4F8B-B354-9EAFCDFC6770}.Debug|x64.Build.0 = Debug|Any CPU
		{EB50AD9E-6683-4F8B-B354-9EAFCDFC6770}.Debug|x86.ActiveCfg = Debug|Any CPU
		{EB50AD9E-6683-4F8B-B354-9EAFCDFC6770}.Debug|x86.Build.0 = Debug|Any CPU
		{EB50AD9E-6683-4F8B-B354-9EAFCDFC6770}.Release|Any CPU.ActiveCfg = Release|Any CPU
		{EB50AD9E-6683-4F8B-B354-9EAFCDFC6770}.Release|Any CPU.Build.0 = Release|Any CPU
		{EB50AD9E-6683-4F8B-B354-9EAFCDFC6770}.Release|x64.ActiveCfg = Release|Any CPU
		{EB50AD9E-6683-4F8B-B354-9EAFCDFC6770}.Release|x64.Build.0 = Release|Any CPU
		{EB50AD9E-6683-4F8B-B354-9EAFCDFC6770}.Release|x86.ActiveCfg = Release|Any CPU
		{EB50AD9E-6683-4F8B-B354-9EAFCDFC6770}.Release|x86.Build.0 = Release|Any CPU
	EndGlobalSection
	GlobalSection(SolutionProperties) = preSolution
		HideSolutionNode = FALSE
	EndGlobalSection
	GlobalSection(NestedProjects) = preSolution
		{25296770-035D-4B58-905D-AB6B9DA11E25} = {827E0CD3-B72D-47B6-A68D-7590B98EB39B}
		{E3A0C736-24C7-4B87-AD23-9240F8A9F989} = {827E0CD3-B72D-47B6-A68D-7590B98EB39B}
		{301787AB-2D80-4DFC-9B82-03FC7951C965} = {827E0CD3-B72D-47B6-A68D-7590B98EB39B}
		{EB50AD9E-6683-4F8B-B354-9EAFCDFC6770} = {827E0CD3-B72D-47B6-A68D-7590B98EB39B}
	EndGlobalSection
EndGlobal
